
Microsoft Visual Studio Solution File, Format Version 12.00
# Visual Studio Version 17
VisualStudioVersion = 17.1.32414.318
MinimumVisualStudioVersion = 10.0.40219.1
Project("{8BC9CEB8-8B4A-11D0-8D11-00A0C91BC942}") = "CosPro2_CExam", "CosPro2_CExam\CosPro2_CExam.vcxproj", "{25A6D322-4B15-4B69-9B5C-43BA06FFEF95}"
EndProject
Global
	GlobalSection(SolutionConfigurationPlatforms) = preSolution
		Debug|x64 = Debug|x64
		Debug|x86 = Debug|x86
		Release|x64 = Release|x64
		Release|x86 = Release|x86
	EndGlobalSection
	GlobalSection(ProjectConfigurationPlatforms) = postSolution
		{25A6D322-4B15-4B69-9B5C-43BA06FFEF95}.Debug|x64.ActiveCfg = Debug|x64
		{25A6D322-4B15-4B69-9B5C-43BA06FFEF95}.Debug|x64.Build.0 = Debug|x64
		{25A6D322-4B15-4B69-9B5C-43BA06FFEF95}.Debug|x86.ActiveCfg = Debug|Win32
		{25A6D322-4B15-4B69-9B5C-43BA06FFEF95}.Debug|x86.Build.0 = Debug|Win32
		{25A6D322-4B15-4B69-9B5C-43BA06FFEF95}.Release|x64.ActiveCfg = Release|x64
		{25A6D322-4B15-4B69-9B5C-43BA06FFEF95}.Release|x64.Build.0 = Release|x64
		{25A6D322-4B15-4B69-9B5C-43BA06FFEF95}.Release|x86.ActiveCfg = Release|Win32
		{25A6D322-4B15-4B69-9B5C-43BA06FFEF95}.Release|x86.Build.0 = Release|Win32
	EndGlobalSection
	GlobalSection(SolutionProperties) = preSolution
		HideSolutionNode = FALSE
	EndGlobalSection
	GlobalSection(ExtensibilityGlobals) = postSolution
		SolutionGuid = {9CEA1934-CC46-4A06-BCE3-D667EF0663A8}
	EndGlobalSection
EndGlobal
